// !$*UTF8*$!
{
	archiveVersion = 1;
	classes = {
	};
	objectVersion = 48;
	objects = {

/* Begin PBXBuildFile section */
		55BDBC11806FF8BFE6A6BD1F /* Pods_Todoey.framework in Frameworks */ = {isa = PBXBuildFile; fileRef = 79B70F468ADD3381094D2018 /* Pods_Todoey.framework */; };
		DA61444D200FD54400F6CBDD /* Item.swift in Sources */ = {isa = PBXBuildFile; fileRef = DA61444C200FD54400F6CBDD /* Item.swift */; };
		DA61444F200FD55200F6CBDD /* Category.swift in Sources */ = {isa = PBXBuildFile; fileRef = DA61444E200FD55200F6CBDD /* Category.swift */; };
		DAAF97531FF08980000F54C7 /* AppDelegate.swift in Sources */ = {isa = PBXBuildFile; fileRef = DAAF97521FF08980000F54C7 /* AppDelegate.swift */; };
		DAAF97551FF08980000F54C7 /* ToDoListViewController.swift in Sources */ = {isa = PBXBuildFile; fileRef = DAAF97541FF08980000F54C7 /* ToDoListViewController.swift */; };
		DAAF97581FF08980000F54C7 /* Main.storyboard in Resources */ = {isa = PBXBuildFile; fileRef = DAAF97561FF08980000F54C7 /* Main.storyboard */; };
		DAAF975A1FF08980000F54C7 /* Assets.xcassets in Resources */ = {isa = PBXBuildFile; fileRef = DAAF97591FF08980000F54C7 /* Assets.xcassets */; };
		DAAF975D1FF08980000F54C7 /* LaunchScreen.storyboard in Resources */ = {isa = PBXBuildFile; fileRef = DAAF975B1FF08980000F54C7 /* LaunchScreen.storyboard */; };
		DABD1D361FF2F0E9003B88DA /* CategoryViewController.swift in Sources */ = {isa = PBXBuildFile; fileRef = DABD1D351FF2F0E9003B88DA /* CategoryViewController.swift */; };
		DACAD4732010634200DC0C9B /* SwipeTableViewController.swift in Sources */ = {isa = PBXBuildFile; fileRef = DACAD4722010634200DC0C9B /* SwipeTableViewController.swift */; };
/* End PBXBuildFile section */

/* Begin PBXFileReference section */
		16215DD225DD606C982CE780 /* Pods-Todoey.release.xcconfig */ = {isa = PBXFileReference; includeInIndex = 1; lastKnownFileType = text.xcconfig; name = "Pods-Todoey.release.xcconfig"; path = "Pods/Target Support Files/Pods-Todoey/Pods-Todoey.release.xcconfig"; sourceTree = "<group>"; };
		79B70F468ADD3381094D2018 /* Pods_Todoey.framework */ = {isa = PBXFileReference; explicitFileType = wrapper.framework; includeInIndex = 0; path = Pods_Todoey.framework; sourceTree = BUILT_PRODUCTS_DIR; };
		B8B23D93F78DC3AAE92C34FC /* Pods-Todoey.debug.xcconfig */ = {isa = PBXFileReference; includeInIndex = 1; lastKnownFileType = text.xcconfig; name = "Pods-Todoey.debug.xcconfig"; path = "Pods/Target Support Files/Pods-Todoey/Pods-Todoey.debug.xcconfig"; sourceTree = "<group>"; };
		DA61444C200FD54400F6CBDD /* Item.swift */ = {isa = PBXFileReference; lastKnownFileType = sourcecode.swift; path = Item.swift; sourceTree = "<group>"; };
		DA61444E200FD55200F6CBDD /* Category.swift */ = {isa = PBXFileReference; lastKnownFileType = sourcecode.swift; path = Category.swift; sourceTree = "<group>"; };
		DAAF974F1FF08980000F54C7 /* Todoey.app */ = {isa = PBXFileReference; explicitFileType = wrapper.application; includeInIndex = 0; path = Todoey.app; sourceTree = BUILT_PRODUCTS_DIR; };
		DAAF97521FF08980000F54C7 /* AppDelegate.swift */ = {isa = PBXFileReference; lastKnownFileType = sourcecode.swift; path = AppDelegate.swift; sourceTree = "<group>"; };
		DAAF97541FF08980000F54C7 /* ToDoListViewController.swift */ = {isa = PBXFileReference; lastKnownFileType = sourcecode.swift; path = ToDoListViewController.swift; sourceTree = "<group>"; };
		DAAF97571FF08980000F54C7 /* Base */ = {isa = PBXFileReference; lastKnownFileType = file.storyboard; name = Base; path = Base.lproj/Main.storyboard; sourceTree = "<group>"; };
		DAAF97591FF08980000F54C7 /* Assets.xcassets */ = {isa = PBXFileReference; lastKnownFileType = folder.assetcatalog; path = Assets.xcassets; sourceTree = "<group>"; };
		DAAF975C1FF08980000F54C7 /* Base */ = {isa = PBXFileReference; lastKnownFileType = file.storyboard; name = Base; path = Base.lproj/LaunchScreen.storyboard; sourceTree = "<group>"; };
		DAAF975E1FF08980000F54C7 /* Info.plist */ = {isa = PBXFileReference; lastKnownFileType = text.plist.xml; path = Info.plist; sourceTree = "<group>"; };
		DABD1D351FF2F0E9003B88DA /* CategoryViewController.swift */ = {isa = PBXFileReference; lastKnownFileType = sourcecode.swift; path = CategoryViewController.swift; sourceTree = "<group>"; };
		DACAD4722010634200DC0C9B /* SwipeTableViewController.swift */ = {isa = PBXFileReference; lastKnownFileType = sourcecode.swift; path = SwipeTableViewController.swift; sourceTree = "<group>"; };
/* End PBXFileReference section */

/* Begin PBXFrameworksBuildPhase section */
		DAAF974C1FF08980000F54C7 /* Frameworks */ = {
			isa = PBXFrameworksBuildPhase;
			buildActionMask = 2147483647;
			files = (
				55BDBC11806FF8BFE6A6BD1F /* Pods_Todoey.framework in Frameworks */,
			);
			runOnlyForDeploymentPostprocessing = 0;
		};
/* End PBXFrameworksBuildPhase section */

/* Begin PBXGroup section */
		02377D4EC9F9801A3F1F28ED /* Pods */ = {
			isa = PBXGroup;
			children = (
				B8B23D93F78DC3AAE92C34FC /* Pods-Todoey.debug.xcconfig */,
				16215DD225DD606C982CE780 /* Pods-Todoey.release.xcconfig */,
			);
			name = Pods;
			sourceTree = "<group>";
		};
		3F2FCB9444EE306C7F7B72B3 /* Frameworks */ = {
			isa = PBXGroup;
			children = (
				79B70F468ADD3381094D2018 /* Pods_Todoey.framework */,
			);
			name = Frameworks;
			sourceTree = "<group>";
		};
		DAAF97461FF08980000F54C7 = {
			isa = PBXGroup;
			children = (
				DAAF97511FF08980000F54C7 /* Todoey */,
				DAAF97501FF08980000F54C7 /* Products */,
				02377D4EC9F9801A3F1F28ED /* Pods */,
				3F2FCB9444EE306C7F7B72B3 /* Frameworks */,
			);
			sourceTree = "<group>";
		};
		DAAF97501FF08980000F54C7 /* Products */ = {
			isa = PBXGroup;
			children = (
				DAAF974F1FF08980000F54C7 /* Todoey.app */,
			);
			name = Products;
			sourceTree = "<group>";
		};
		DAAF97511FF08980000F54C7 /* Todoey */ = {
			isa = PBXGroup;
			children = (
				DAAF97521FF08980000F54C7 /* AppDelegate.swift */,
				DAAF97641FF145E2000F54C7 /* Model */,
				DAAF97681FF146A5000F54C7 /* View */,
				DAAF97651FF145EB000F54C7 /* Controller */,
				DAAF97691FF146B1000F54C7 /* Support */,
				DAAF975E1FF08980000F54C7 /* Info.plist */,
			);
			path = Todoey;
			sourceTree = "<group>";
		};
		DAAF97641FF145E2000F54C7 /* Model */ = {
			isa = PBXGroup;
			children = (
				DA61444E200FD55200F6CBDD /* Category.swift */,
				DA61444C200FD54400F6CBDD /* Item.swift */,
			);
			path = Model;
			sourceTree = "<group>";
		};
		DAAF97651FF145EB000F54C7 /* Controller */ = {
			isa = PBXGroup;
			children = (
				DACAD4722010634200DC0C9B /* SwipeTableViewController.swift */,
				DABD1D351FF2F0E9003B88DA /* CategoryViewController.swift */,
				DAAF97541FF08980000F54C7 /* ToDoListViewController.swift */,
			);
			path = Controller;
			sourceTree = "<group>";
		};
		DAAF97681FF146A5000F54C7 /* View */ = {
			isa = PBXGroup;
			children = (
				DAAF97561FF08980000F54C7 /* Main.storyboard */,
			);
			path = View;
			sourceTree = "<group>";
		};
		DAAF97691FF146B1000F54C7 /* Support */ = {
			isa = PBXGroup;
			children = (
				DAAF97591FF08980000F54C7 /* Assets.xcassets */,
				DAAF975B1FF08980000F54C7 /* LaunchScreen.storyboard */,
			);
			path = Support;
			sourceTree = "<group>";
		};
/* End PBXGroup section */

/* Begin PBXNativeTarget section */
		DAAF974E1FF08980000F54C7 /* Todoey */ = {
			isa = PBXNativeTarget;
			buildConfigurationList = DAAF97611FF08980000F54C7 /* Build configuration list for PBXNativeTarget "Todoey" */;
			buildPhases = (
				5D93511E148E17485B0D1CAE /* [CP] Check Pods Manifest.lock */,
				DAAF974B1FF08980000F54C7 /* Sources */,
				DAAF974C1FF08980000F54C7 /* Frameworks */,
				DAAF974D1FF08980000F54C7 /* Resources */,
				A6B1E0B2A0CC293A0B13F2DA /* [CP] Embed Pods Frameworks */,
				1482D07CF68A970304FAE314 /* [CP] Copy Pods Resources */,
			);
			buildRules = (
			);
			dependencies = (
			);
			name = Todoey;
			productName = Todoey;
			productReference = DAAF974F1FF08980000F54C7 /* Todoey.app */;
			productType = "com.apple.product-type.application";
		};
/* End PBXNativeTarget section */

/* Begin PBXProject section */
		DAAF97471FF08980000F54C7 /* Project object */ = {
			isa = PBXProject;
			attributes = {
				LastSwiftUpdateCheck = 0920;
				LastUpgradeCheck = 0920;
				ORGANIZATIONNAME = "Andrew Jenson";
				TargetAttributes = {
					DAAF974E1FF08980000F54C7 = {
						CreatedOnToolsVersion = 9.2;
						ProvisioningStyle = Automatic;
					};
				};
			};
			buildConfigurationList = DAAF974A1FF08980000F54C7 /* Build configuration list for PBXProject "Todoey" */;
			compatibilityVersion = "Xcode 8.0";
			developmentRegion = en;
			hasScannedForEncodings = 0;
			knownRegions = (
				en,
				Base,
			);
			mainGroup = DAAF97461FF08980000F54C7;
			productRefGroup = DAAF97501FF08980000F54C7 /* Products */;
			projectDirPath = "";
			projectRoot = "";
			targets = (
				DAAF974E1FF08980000F54C7 /* Todoey */,
			);
		};
/* End PBXProject section */

/* Begin PBXResourcesBuildPhase section */
		DAAF974D1FF08980000F54C7 /* Resources */ = {
			isa = PBXResourcesBuildPhase;
			buildActionMask = 2147483647;
			files = (
				DAAF975D1FF08980000F54C7 /* LaunchScreen.storyboard in Resources */,
				DAAF975A1FF08980000F54C7 /* Assets.xcassets in Resources */,
				DAAF97581FF08980000F54C7 /* Main.storyboard in Resources */,
			);
			runOnlyForDeploymentPostprocessing = 0;
		};
/* End PBXResourcesBuildPhase section */

/* Begin PBXShellScriptBuildPhase section */
		1482D07CF68A970304FAE314 /* [CP] Copy Pods Resources */ = {
			isa = PBXShellScriptBuildPhase;
			buildActionMask = 2147483647;
			files = (
			);
			inputPaths = (
			);
			name = "[CP] Copy Pods Resources";
			outputPaths = (
			);
			runOnlyForDeploymentPostprocessing = 0;
			shellPath = /bin/sh;
			shellScript = "\"${SRCROOT}/Pods/Target Support Files/Pods-Todoey/Pods-Todoey-resources.sh\"\n";
			showEnvVarsInLog = 0;
		};
		5D93511E148E17485B0D1CAE /* [CP] Check Pods Manifest.lock */ = {
			isa = PBXShellScriptBuildPhase;
			buildActionMask = 2147483647;
			files = (
			);
			inputPaths = (
				"${PODS_PODFILE_DIR_PATH}/Podfile.lock",
				"${PODS_ROOT}/Manifest.lock",
			);
			name = "[CP] Check Pods Manifest.lock";
			outputPaths = (
				"$(DERIVED_FILE_DIR)/Pods-Todoey-checkManifestLockResult.txt",
			);
			runOnlyForDeploymentPostprocessing = 0;
			shellPath = /bin/sh;
			shellScript = "diff \"${PODS_PODFILE_DIR_PATH}/Podfile.lock\" \"${PODS_ROOT}/Manifest.lock\" > /dev/null\nif [ $? != 0 ] ; then\n    # print error to STDERR\n    echo \"error: The sandbox is not in sync with the Podfile.lock. Run 'pod install' or update your CocoaPods installation.\" >&2\n    exit 1\nfi\n# This output is used by Xcode 'outputs' to avoid re-running this script phase.\necho \"SUCCESS\" > \"${SCRIPT_OUTPUT_FILE_0}\"\n";
			showEnvVarsInLog = 0;
		};
		A6B1E0B2A0CC293A0B13F2DA /* [CP] Embed Pods Frameworks */ = {
			isa = PBXShellScriptBuildPhase;
			buildActionMask = 2147483647;
			files = (
			);
			inputPaths = (
				"${SRCROOT}/Pods/Target Support Files/Pods-Todoey/Pods-Todoey-frameworks.sh",
				"${BUILT_PRODUCTS_DIR}/ChameleonFramework/ChameleonFramework.framework",
				"${BUILT_PRODUCTS_DIR}/Realm/Realm.framework",
				"${BUILT_PRODUCTS_DIR}/RealmSwift/RealmSwift.framework",
				"${BUILT_PRODUCTS_DIR}/SwipeCellKit/SwipeCellKit.framework",
			);
			name = "[CP] Embed Pods Frameworks";
			outputPaths = (
				"${TARGET_BUILD_DIR}/${FRAMEWORKS_FOLDER_PATH}/ChameleonFramework.framework",
				"${TARGET_BUILD_DIR}/${FRAMEWORKS_FOLDER_PATH}/Realm.framework",
				"${TARGET_BUILD_DIR}/${FRAMEWORKS_FOLDER_PATH}/RealmSwift.framework",
				"${TARGET_BUILD_DIR}/${FRAMEWORKS_FOLDER_PATH}/SwipeCellKit.framework",
			);
			runOnlyForDeploymentPostprocessing = 0;
			shellPath = /bin/sh;
			shellScript = "\"${SRCROOT}/Pods/Target Support Files/Pods-Todoey/Pods-Todoey-frameworks.sh\"\n";
			showEnvVarsInLog = 0;
		};
/* End PBXShellScriptBuildPhase section */

/* Begin PBXSourcesBuildPhase section */
		DAAF974B1FF08980000F54C7 /* Sources */ = {
			isa = PBXSourcesBuildPhase;
			buildActionMask = 2147483647;
			files = (
				DA61444D200FD54400F6CBDD /* Item.swift in Sources */,
				DABD1D361FF2F0E9003B88DA /* CategoryViewController.swift in Sources */,
				DAAF97551FF08980000F54C7 /* ToDoListViewController.swift in Sources */,
				DAAF97531FF08980000F54C7 /* AppDelegate.swift in Sources */,
				DACAD4732010634200DC0C9B /* SwipeTableViewController.swift in Sources */,
				DA61444F200FD55200F6CBDD /* Category.swift in Sources */,
			);
			runOnlyForDeploymentPostprocessing = 0;
		};
/* End PBXSourcesBuildPhase section */

/* Begin PBXVariantGroup section */
		DAAF97561FF08980000F54C7 /* Main.storyboard */ = {
			isa = PBXVariantGroup;
			children = (
				DAAF97571FF08980000F54C7 /* Base */,
			);
			name = Main.storyboard;
			sourceTree = "<group>";
		};
		DAAF975B1FF08980000F54C7 /* LaunchScreen.storyboard */ = {
			isa = PBXVariantGroup;
			children = (
				DAAF975C1FF08980000F54C7 /* Base */,
			);
			name = LaunchScreen.storyboard;
			sourceTree = "<group>";
		};
/* End PBXVariantGroup section */

/* Begin XCBuildConfiguration section */
		DAAF975F1FF08980000F54C7 /* Debug */ = {
			isa = XCBuildConfiguration;
			buildSettings = {
				ALWAYS_SEARCH_USER_PATHS = NO;
				CLANG_ANALYZER_NONNULL = YES;
				CLANG_ANALYZER_NUMBER_OBJECT_CONVERSION = YES_AGGRESSIVE;
				CLANG_CXX_LANGUAGE_STANDARD = "gnu++14";
				CLANG_CXX_LIBRARY = "libc++";
				CLANG_ENABLE_MODULES = YES;
				CLANG_ENABLE_OBJC_ARC = YES;
				CLANG_WARN_BLOCK_CAPTURE_AUTORELEASING = YES;
				CLANG_WARN_BOOL_CONVERSION = YES;
				CLANG_WARN_COMMA = YES;
				CLANG_WARN_CONSTANT_CONVERSION = YES;
				CLANG_WARN_DIRECT_OBJC_ISA_USAGE = YES_ERROR;
				CLANG_WARN_DOCUMENTATION_COMMENTS = YES;
				CLANG_WARN_EMPTY_BODY = YES;
				CLANG_WARN_ENUM_CONVERSION = YES;
				CLANG_WARN_INFINITE_RECURSION = YES;
				CLANG_WARN_INT_CONVERSION = YES;
				CLANG_WARN_NON_LITERAL_NULL_CONVERSION = YES;
				CLANG_WARN_OBJC_LITERAL_CONVERSION = YES;
				CLANG_WARN_OBJC_ROOT_CLASS = YES_ERROR;
				CLANG_WARN_RANGE_LOOP_ANALYSIS = YES;
				CLANG_WARN_STRICT_PROTOTYPES = YES;
				CLANG_WARN_SUSPICIOUS_MOVE = YES;
				CLANG_WARN_UNGUARDED_AVAILABILITY = YES_AGGRESSIVE;
				CLANG_WARN_UNREACHABLE_CODE = YES;
				CLANG_WARN__DUPLICATE_METHOD_MATCH = YES;
				CODE_SIGN_IDENTITY = "iPhone Developer";
				COPY_PHASE_STRIP = NO;
				DEBUG_INFORMATION_FORMAT = dwarf;
				ENABLE_STRICT_OBJC_MSGSEND = YES;
				ENABLE_TESTABILITY = YES;
				GCC_C_LANGUAGE_STANDARD = gnu11;
				GCC_DYNAMIC_NO_PIC = NO;
				GCC_NO_COMMON_BLOCKS = YES;
				GCC_OPTIMIZATION_LEVEL = 0;
				GCC_PREPROCESSOR_DEFINITIONS = (
					"DEBUG=1",
					"$(inherited)",
				);
				GCC_WARN_64_TO_32_BIT_CONVERSION = YES;
				GCC_WARN_ABOUT_RETURN_TYPE = YES_ERROR;
				GCC_WARN_UNDECLARED_SELECTOR = YES;
				GCC_WARN_UNINITIALIZED_AUTOS = YES_AGGRESSIVE;
				GCC_WARN_UNUSED_FUNCTION = YES;
				GCC_WARN_UNUSED_VARIABLE = YES;
				IPHONEOS_DEPLOYMENT_TARGET = 11.2;
				MTL_ENABLE_DEBUG_INFO = YES;
				ONLY_ACTIVE_ARCH = YES;
				SDKROOT = iphoneos;
				SWIFT_ACTIVE_COMPILATION_CONDITIONS = DEBUG;
				SWIFT_OPTIMIZATION_LEVEL = "-Onone";
			};
			name = Debug;
		};
		DAAF97601FF08980000F54C7 /* Release */ = {
			isa = XCBuildConfiguration;
			buildSettings = {
				ALWAYS_SEARCH_USER_PATHS = NO;
				CLANG_ANALYZER_NONNULL = YES;
				CLANG_ANALYZER_NUMBER_OBJECT_CONVERSION = YES_AGGRESSIVE;
				CLANG_CXX_LANGUAGE_STANDARD = "gnu++14";
				CLANG_CXX_LIBRARY = "libc++";
				CLANG_ENABLE_MODULES = YES;
				CLANG_ENABLE_OBJC_ARC = YES;
				CLANG_WARN_BLOCK_CAPTURE_AUTORELEASING = YES;
				CLANG_WARN_BOOL_CONVERSION = YES;
				CLANG_WARN_COMMA = YES;
				CLANG_WARN_CONSTANT_CONVERSION = YES;
				CLANG_WARN_DIRECT_OBJC_ISA_USAGE = YES_ERROR;
				CLANG_WARN_DOCUMENTATION_COMMENTS = YES;
				CLANG_WARN_EMPTY_BODY = YES;
				CLANG_WARN_ENUM_CONVERSION = YES;
				CLANG_WARN_INFINITE_RECURSION = YES;
				CLANG_WARN_INT_CONVERSION = YES;
				CLANG_WARN_NON_LITERAL_NULL_CONVERSION = YES;
				CLANG_WARN_OBJC_LITERAL_CONVERSION = YES;
				CLANG_WARN_OBJC_ROOT_CLASS = YES_ERROR;
				CLANG_WARN_RANGE_LOOP_ANALYSIS = YES;
				CLANG_WARN_STRICT_PROTOTYPES = YES;
				CLANG_WARN_SUSPICIOUS_MOVE = YES;
				CLANG_WARN_UNGUARDED_AVAILABILITY = YES_AGGRESSIVE;
				CLANG_WARN_UNREACHABLE_CODE = YES;
				CLANG_WARN__DUPLICATE_METHOD_MATCH = YES;
				CODE_SIGN_IDENTITY = "iPhone Developer";
				COPY_PHASE_STRIP = NO;
				DEBUG_INFORMATION_FORMAT = "dwarf-with-dsym";
				ENABLE_NS_ASSERTIONS = NO;
				ENABLE_STRICT_OBJC_MSGSEND = YES;
				GCC_C_LANGUAGE_STANDARD = gnu11;
				GCC_NO_COMMON_BLOCKS = YES;
				GCC_WARN_64_TO_32_BIT_CONVERSION = YES;
				GCC_WARN_ABOUT_RETURN_TYPE = YES_ERROR;
				GCC_WARN_UNDECLARED_SELECTOR = YES;
				GCC_WARN_UNINITIALIZED_AUTOS = YES_AGGRESSIVE;
				GCC_WARN_UNUSED_FUNCTION = YES;
				GCC_WARN_UNUSED_VARIABLE = YES;
				IPHONEOS_DEPLOYMENT_TARGET = 11.2;
				MTL_ENABLE_DEBUG_INFO = NO;
				SDKROOT = iphoneos;
				SWIFT_OPTIMIZATION_LEVEL = "-Owholemodule";
				VALIDATE_PRODUCT = YES;
			};
			name = Release;
		};
		DAAF97621FF08980000F54C7 /* Debug */ = {
			isa = XCBuildConfiguration;
			baseConfigurationReference = B8B23D93F78DC3AAE92C34FC /* Pods-Todoey.debug.xcconfig */;
			buildSettings = {
				ASSETCATALOG_COMPILER_APPICON_NAME = AppIcon;
				CODE_SIGN_STYLE = Automatic;
				DEVELOPMENT_TEAM = 4N25H97F3B;
				INFOPLIST_FILE = Todoey/Info.plist;
				LD_RUNPATH_SEARCH_PATHS = "$(inherited) @executable_path/Frameworks";
				PRODUCT_BUNDLE_IDENTIFIER = AndrewJenson.Todoey;
				PRODUCT_NAME = "$(TARGET_NAME)";
				SWIFT_VERSION = 4.0;
				TARGETED_DEVICE_FAMILY = "1,2";
			};
			name = Debug;
		};
		DAAF97631FF08980000F54C7 /* Release */ = {
			isa = XCBuildConfiguration;
			baseConfigurationReference = 16215DD225DD606C982CE780 /* Pods-Todoey.release.xcconfig */;
			buildSettings = {
				ASSETCATALOG_COMPILER_APPICON_NAME = AppIcon;
				CODE_SIGN_STYLE = Automatic;
				DEVELOPMENT_TEAM = 4N25H97F3B;
				INFOPLIST_FILE = Todoey/Info.plist;
				LD_RUNPATH_SEARCH_PATHS = "$(inherited) @executable_path/Frameworks";
				PRODUCT_BUNDLE_IDENTIFIER = AndrewJenson.Todoey;
				PRODUCT_NAME = "$(TARGET_NAME)";
				SWIFT_VERSION = 4.0;
				TARGETED_DEVICE_FAMILY = "1,2";
			};
			name = Release;
		};
/* End XCBuildConfiguration section */

/* Begin XCConfigurationList section */
		DAAF974A1FF08980000F54C7 /* Build configuration list for PBXProject "Todoey" */ = {
			isa = XCConfigurationList;
			buildConfigurations = (
				DAAF975F1FF08980000F54C7 /* Debug */,
				DAAF97601FF08980000F54C7 /* Release */,
			);
			defaultConfigurationIsVisible = 0;
			defaultConfigurationName = Release;
		};
		DAAF97611FF08980000F54C7 /* Build configuration list for PBXNativeTarget "Todoey" */ = {
			isa = XCConfigurationList;
			buildConfigurations = (
				DAAF97621FF08980000F54C7 /* Debug */,
				DAAF97631FF08980000F54C7 /* Release */,
			);
			defaultConfigurationIsVisible = 0;
			defaultConfigurationName = Release;
		};
/* End XCConfigurationList section */
	};
	rootObject = DAAF97471FF08980000F54C7 /* Project object */;
}
